
Microsoft Visual Studio Solution File, Format Version 12.00
# Visual Studio Version 18
VisualStudioVersion = 18.7.11822.327 insiders
MinimumVisualStudioVersion = 10.0.40219.1
Project("{FAE04EC0-301F-11D3-BF4B-00C04F79EFBC}") = "DemoShoes", "DemoShoes\DemoShoes.csproj", "{3593BA26-5A0B-488E-BC7A-AA16A2DDF313}"
EndProject
Global
	GlobalSection(SolutionConfigurationPlatforms) = preSolution
		Debug|Any CPU = Debug|Any CPU
		Release|Any CPU = Release|Any CPU
	EndGlobalSection
	GlobalSection(ProjectConfigurationPlatforms) = postSolution
		{3593BA26-5A0B-488E-BC7A-AA16A2DDF313}.Debug|Any CPU.ActiveCfg = Debug|Any CPU
		{3593BA26-5A0B-488E-BC7A-AA16A2DDF313}.Debug|Any CPU.Build.0 = Debug|Any CPU
		{3593BA26-5A0B-488E-BC7A-AA16A2DDF313}.Release|Any CPU.ActiveCfg = Release|Any CPU
		{3593BA26-5A0B-488E-BC7A-AA16A2DDF313}.Release|Any CPU.Build.0 = Release|Any CPU
	EndGlobalSection
	GlobalSection(SolutionProperties) = preSolution
		HideSolutionNode = FALSE
	EndGlobalSection
	GlobalSection(ExtensibilityGlobals) = postSolution
		SolutionGuid = {2B715519-13C3-4361-9CDB-B93193174208}
	EndGlobalSection
EndGlobal
